
Microsoft Visual Studio Solution File, Format Version 12.00
# Visual Studio Version 17
VisualStudioVersion = 17.14.36811.4
MinimumVisualStudioVersion = 10.0.40219.1
Project("{FAE04EC0-301F-11D3-BF4B-00C04F79EFBC}") = "Demo", "Demo\Demo.csproj", "{D1CCB24F-A868-F185-9228-8CC249247C79}"
	ProjectSection(ProjectDependencies) = postProject
		{7CBFEE37-43F5-478A-402A-012559FF7770} = {7CBFEE37-43F5-478A-402A-012559FF7770}
	EndProjectSection
EndProject
Project("{FAE04EC0-301F-11D3-BF4B-00C04F79EFBC}") = "LightCodec", "LightCodec\LightCodec.csproj", "{7CBFEE37-43F5-478A-402A-012559FF7770}"
EndProject
Project("{FAE04EC0-301F-11D3-BF4B-00C04F79EFBC}") = "H264Demo", "H264Demo\H264Demo.csproj", "{DBAA6EF1-A5EE-44F0-BC55-7D22D7E46443}"
EndProject
Global
	GlobalSection(SolutionConfigurationPlatforms) = preSolution
		Debug|Any CPU = Debug|Any CPU
		Release|Any CPU = Release|Any CPU
	EndGlobalSection
	GlobalSection(ProjectConfigurationPlatforms) = postSolution
		{D1CCB24F-A868-F185-9228-8CC249247C79}.Debug|Any CPU.ActiveCfg = Debug|Any CPU
		{D1CCB24F-A868-F185-9228-8CC249247C79}.Debug|Any CPU.Build.0 = Debug|Any CPU
		{D1CCB24F-A868-F185-9228-8CC249247C79}.Release|Any CPU.ActiveCfg = Release|Any CPU
		{D1CCB24F-A868-F185-9228-8CC249247C79}.Release|Any CPU.Build.0 = Release|Any CPU
		{7CBFEE37-43F5-478A-402A-012559FF7770}.Debug|Any CPU.ActiveCfg = Debug|Any CPU
		{7CBFEE37-43F5-478A-402A-012559FF7770}.Debug|Any CPU.Build.0 = Debug|Any CPU
		{7CBFEE37-43F5-478A-402A-012559FF7770}.Release|Any CPU.ActiveCfg = Release|Any CPU
		{7CBFEE37-43F5-478A-402A-012559FF7770}.Release|Any CPU.Build.0 = Release|Any CPU
		{DBAA6EF1-A5EE-44F0-BC55-7D22D7E46443}.Debug|Any CPU.ActiveCfg = Debug|Any CPU
		{DBAA6EF1-A5EE-44F0-BC55-7D22D7E46443}.Debug|Any CPU.Build.0 = Debug|Any CPU
		{DBAA6EF1-A5EE-44F0-BC55-7D22D7E46443}.Release|Any CPU.ActiveCfg = Release|Any CPU
		{DBAA6EF1-A5EE-44F0-BC55-7D22D7E46443}.Release|Any CPU.Build.0 = Release|Any CPU
	EndGlobalSection
	GlobalSection(SolutionProperties) = preSolution
		HideSolutionNode = FALSE
	EndGlobalSection
	GlobalSection(ExtensibilityGlobals) = postSolution
		SolutionGuid = {00204502-E47E-42EC-A032-23800EE84DA6}
	EndGlobalSection
EndGlobal
